// !$*UTF8*$!
{
	archiveVersion = 1;
	classes = {
	};
	objectVersion = 50;
	objects = {

/* Begin PBXBuildFile section */
		84B2955825B55C8400F1D1D8 /* AppDelegate.swift in Sources */ = {isa = PBXBuildFile; fileRef = 84B2955725B55C8400F1D1D8 /* AppDelegate.swift */; };
		84B2955A25B55C8400F1D1D8 /* SceneDelegate.swift in Sources */ = {isa = PBXBuildFile; fileRef = 84B2955925B55C8400F1D1D8 /* SceneDelegate.swift */; };
		84B2955C25B55C8400F1D1D8 /* ViewController.swift in Sources */ = {isa = PBXBuildFile; fileRef = 84B2955B25B55C8400F1D1D8 /* ViewController.swift */; };
		84B2955F25B55C8400F1D1D8 /* Main.storyboard in Resources */ = {isa = PBXBuildFile; fileRef = 84B2955D25B55C8400F1D1D8 /* Main.storyboard */; };
		84B2956125B55C8900F1D1D8 /* Assets.xcassets in Resources */ = {isa = PBXBuildFile; fileRef = 84B2956025B55C8900F1D1D8 /* Assets.xcassets */; };
		84B2956425B55C8900F1D1D8 /* LaunchScreen.storyboard in Resources */ = {isa = PBXBuildFile; fileRef = 84B2956225B55C8900F1D1D8 /* LaunchScreen.storyboard */; };
		84B2956F25B55C8900F1D1D8 /* MyImageFilterTests.swift in Sources */ = {isa = PBXBuildFile; fileRef = 84B2956E25B55C8900F1D1D8 /* MyImageFilterTests.swift */; };
		84B2957A25B55C8900F1D1D8 /* MyImageFilterUITests.swift in Sources */ = {isa = PBXBuildFile; fileRef = 84B2957925B55C8900F1D1D8 /* MyImageFilterUITests.swift */; };
		84B2958825B5B28600F1D1D8 /* ship.jpg in Resources */ = {isa = PBXBuildFile; fileRef = 84B2958725B5B28600F1D1D8 /* ship.jpg */; };
/* End PBXBuildFile section */

/* Begin PBXContainerItemProxy section */
		84B2956B25B55C8900F1D1D8 /* PBXContainerItemProxy */ = {
			isa = PBXContainerItemProxy;
			containerPortal = 84B2954C25B55C8400F1D1D8 /* Project object */;
			proxyType = 1;
			remoteGlobalIDString = 84B2955325B55C8400F1D1D8;
			remoteInfo = MyImageFilter;
		};
		84B2957625B55C8900F1D1D8 /* PBXContainerItemProxy */ = {
			isa = PBXContainerItemProxy;
			containerPortal = 84B2954C25B55C8400F1D1D8 /* Project object */;
			proxyType = 1;
			remoteGlobalIDString = 84B2955325B55C8400F1D1D8;
			remoteInfo = MyImageFilter;
		};
/* End PBXContainerItemProxy section */

/* Begin PBXFileReference section */
		84B2955425B55C8400F1D1D8 /* MyImageFilter.app */ = {isa = PBXFileReference; explicitFileType = wrapper.application; includeInIndex = 0; path = MyImageFilter.app; sourceTree = BUILT_PRODUCTS_DIR; };
		84B2955725B55C8400F1D1D8 /* AppDelegate.swift */ = {isa = PBXFileReference; lastKnownFileType = sourcecode.swift; path = AppDelegate.swift; sourceTree = "<group>"; };
		84B2955925B55C8400F1D1D8 /* SceneDelegate.swift */ = {isa = PBXFileReference; lastKnownFileType = sourcecode.swift; path = SceneDelegate.swift; sourceTree = "<group>"; };
		84B2955B25B55C8400F1D1D8 /* ViewController.swift */ = {isa = PBXFileReference; lastKnownFileType = sourcecode.swift; path = ViewController.swift; sourceTree = "<group>"; };
		84B2955E25B55C8400F1D1D8 /* Base */ = {isa = PBXFileReference; lastKnownFileType = file.storyboard; name = Base; path = Base.lproj/Main.storyboard; sourceTree = "<group>"; };
		84B2956025B55C8900F1D1D8 /* Assets.xcassets */ = {isa = PBXFileReference; lastKnownFileType = folder.assetcatalog; path = Assets.xcassets; sourceTree = "<group>"; };
		84B2956325B55C8900F1D1D8 /* Base */ = {isa = PBXFileReference; lastKnownFileType = file.storyboard; name = Base; path = Base.lproj/LaunchScreen.storyboard; sourceTree = "<group>"; };
		84B2956525B55C8900F1D1D8 /* Info.plist */ = {isa = PBXFileReference; lastKnownFileType = text.plist.xml; path = Info.plist; sourceTree = "<group>"; };
		84B2956A25B55C8900F1D1D8 /* MyImageFilterTests.xctest */ = {isa = PBXFileReference; explicitFileType = wrapper.cfbundle; includeInIndex = 0; path = MyImageFilterTests.xctest; sourceTree = BUILT_PRODUCTS_DIR; };
		84B2956E25B55C8900F1D1D8 /* MyImageFilterTests.swift */ = {isa = PBXFileReference; lastKnownFileType = sourcecode.swift; path = MyImageFilterTests.swift; sourceTree = "<group>"; };
		84B2957025B55C8900F1D1D8 /* Info.plist */ = {isa = PBXFileReference; lastKnownFileType = text.plist.xml; path = Info.plist; sourceTree = "<group>"; };
		84B2957525B55C8900F1D1D8 /* MyImageFilterUITests.xctest */ = {isa = PBXFileReference; explicitFileType = wrapper.cfbundle; includeInIndex = 0; path = MyImageFilterUITests.xctest; sourceTree = BUILT_PRODUCTS_DIR; };
		84B2957925B55C8900F1D1D8 /* MyImageFilterUITests.swift */ = {isa = PBXFileReference; lastKnownFileType = sourcecode.swift; path = MyImageFilterUITests.swift; sourceTree = "<group>"; };
		84B2957B25B55C8900F1D1D8 /* Info.plist */ = {isa = PBXFileReference; lastKnownFileType = text.plist.xml; path = Info.plist; sourceTree = "<group>"; };
		84B2958725B5B28600F1D1D8 /* ship.jpg */ = {isa = PBXFileReference; lastKnownFileType = image.jpeg; path = ship.jpg; sourceTree = "<group>"; };
/* End PBXFileReference section */

/* Begin PBXFrameworksBuildPhase section */
		84B2955125B55C8400F1D1D8 /* Frameworks */ = {
			isa = PBXFrameworksBuildPhase;
			buildActionMask = 2147483647;
			files = (
			);
			runOnlyForDeploymentPostprocessing = 0;
		};
		84B2956725B55C8900F1D1D8 /* Frameworks */ = {
			isa = PBXFrameworksBuildPhase;
			buildActionMask = 2147483647;
			files = (
			);
			runOnlyForDeploymentPostprocessing = 0;
		};
		84B2957225B55C8900F1D1D8 /* Frameworks */ = {
			isa = PBXFrameworksBuildPhase;
			buildActionMask = 2147483647;
			files = (
			);
			runOnlyForDeploymentPostprocessing = 0;
		};
/* End PBXFrameworksBuildPhase section */

/* Begin PBXGroup section */
		84B2954B25B55C8400F1D1D8 = {
			isa = PBXGroup;
			children = (
				84B2955625B55C8400F1D1D8 /* MyImageFilter */,
				84B2956D25B55C8900F1D1D8 /* MyImageFilterTests */,
				84B2957825B55C8900F1D1D8 /* MyImageFilterUITests */,
				84B2955525B55C8400F1D1D8 /* Products */,
			);
			sourceTree = "<group>";
		};
		84B2955525B55C8400F1D1D8 /* Products */ = {
			isa = PBXGroup;
			children = (
				84B2955425B55C8400F1D1D8 /* MyImageFilter.app */,
				84B2956A25B55C8900F1D1D8 /* MyImageFilterTests.xctest */,
				84B2957525B55C8900F1D1D8 /* MyImageFilterUITests.xctest */,
			);
			name = Products;
			sourceTree = "<group>";
		};
		84B2955625B55C8400F1D1D8 /* MyImageFilter */ = {
			isa = PBXGroup;
			children = (
				84B2955725B55C8400F1D1D8 /* AppDelegate.swift */,
				84B2955925B55C8400F1D1D8 /* SceneDelegate.swift */,
				84B2955B25B55C8400F1D1D8 /* ViewController.swift */,
				84B2955D25B55C8400F1D1D8 /* Main.storyboard */,
				84B2956025B55C8900F1D1D8 /* Assets.xcassets */,
				84B2958725B5B28600F1D1D8 /* ship.jpg */,
				84B2956225B55C8900F1D1D8 /* LaunchScreen.storyboard */,
				84B2956525B55C8900F1D1D8 /* Info.plist */,
			);
			path = MyImageFilter;
			sourceTree = "<group>";
		};
		84B2956D25B55C8900F1D1D8 /* MyImageFilterTests */ = {
			isa = PBXGroup;
			children = (
				84B2956E25B55C8900F1D1D8 /* MyImageFilterTests.swift */,
				84B2957025B55C8900F1D1D8 /* Info.plist */,
			);
			path = MyImageFilterTests;
			sourceTree = "<group>";
		};
		84B2957825B55C8900F1D1D8 /* MyImageFilterUITests */ = {
			isa = PBXGroup;
			children = (
				84B2957925B55C8900F1D1D8 /* MyImageFilterUITests.swift */,
				84B2957B25B55C8900F1D1D8 /* Info.plist */,
			);
			path = MyImageFilterUITests;
			sourceTree = "<group>";
		};
/* End PBXGroup section */

/* Begin PBXNativeTarget section */
		84B2955325B55C8400F1D1D8 /* MyImageFilter */ = {
			isa = PBXNativeTarget;
			buildConfigurationList = 84B2957E25B55C8900F1D1D8 /* Build configuration list for PBXNativeTarget "MyImageFilter" */;
			buildPhases = (
				84B2955025B55C8400F1D1D8 /* Sources */,
				84B2955125B55C8400F1D1D8 /* Frameworks */,
				84B2955225B55C8400F1D1D8 /* Resources */,
			);
			buildRules = (
			);
			dependencies = (
			);
			name = MyImageFilter;
			productName = MyImageFilter;
			productReference = 84B2955425B55C8400F1D1D8 /* MyImageFilter.app */;
			productType = "com.apple.product-type.application";
		};
		84B2956925B55C8900F1D1D8 /* MyImageFilterTests */ = {
			isa = PBXNativeTarget;
			buildConfigurationList = 84B2958125B55C8900F1D1D8 /* Build configuration list for PBXNativeTarget "MyImageFilterTests" */;
			buildPhases = (
				84B2956625B55C8900F1D1D8 /* Sources */,
				84B2956725B55C8900F1D1D8 /* Frameworks */,
				84B2956825B55C8900F1D1D8 /* Resources */,
			);
			buildRules = (
			);
			dependencies = (
				84B2956C25B55C8900F1D1D8 /* PBXTargetDependency */,
			);
			name = MyImageFilterTests;
			productName = MyImageFilterTests;
			productReference = 84B2956A25B55C8900F1D1D8 /* MyImageFilterTests.xctest */;
			productType = "com.apple.product-type.bundle.unit-test";
		};
		84B2957425B55C8900F1D1D8 /* MyImageFilterUITests */ = {
			isa = PBXNativeTarget;
			buildConfigurationList = 84B2958425B55C8900F1D1D8 /* Build configuration list for PBXNativeTarget "MyImageFilterUITests" */;
			buildPhases = (
				84B2957125B55C8900F1D1D8 /* Sources */,
				84B2957225B55C8900F1D1D8 /* Frameworks */,
				84B2957325B55C8900F1D1D8 /* Resources */,
			);
			buildRules = (
			);
			dependencies = (
				84B2957725B55C8900F1D1D8 /* PBXTargetDependency */,
			);
			name = MyImageFilterUITests;
			productName = MyImageFilterUITests;
			productReference = 84B2957525B55C8900F1D1D8 /* MyImageFilterUITests.xctest */;
			productType = "com.apple.product-type.bundle.ui-testing";
		};
/* End PBXNativeTarget section */

/* Begin PBXProject section */
		84B2954C25B55C8400F1D1D8 /* Project object */ = {
			isa = PBXProject;
			attributes = {
				LastSwiftUpdateCheck = 1130;
				LastUpgradeCheck = 1130;
				ORGANIZATIONNAME = Admin;
				TargetAttributes = {
					84B2955325B55C8400F1D1D8 = {
						CreatedOnToolsVersion = 11.3.1;
					};
					84B2956925B55C8900F1D1D8 = {
						CreatedOnToolsVersion = 11.3.1;
						TestTargetID = 84B2955325B55C8400F1D1D8;
					};
					84B2957425B55C8900F1D1D8 = {
						CreatedOnToolsVersion = 11.3.1;
						TestTargetID = 84B2955325B55C8400F1D1D8;
					};
				};
			};
			buildConfigurationList = 84B2954F25B55C8400F1D1D8 /* Build configuration list for PBXProject "MyImageFilter" */;
			compatibilityVersion = "Xcode 9.3";
			developmentRegion = en;
			hasScannedForEncodings = 0;
			knownRegions = (
				en,
				Base,
			);
			mainGroup = 84B2954B25B55C8400F1D1D8;
			productRefGroup = 84B2955525B55C8400F1D1D8 /* Products */;
			projectDirPath = "";
			projectRoot = "";
			targets = (
				84B2955325B55C8400F1D1D8 /* MyImageFilter */,
				84B2956925B55C8900F1D1D8 /* MyImageFilterTests */,
				84B2957425B55C8900F1D1D8 /* MyImageFilterUITests */,
			);
		};
/* End PBXProject section */

/* Begin PBXResourcesBuildPhase section */
		84B2955225B55C8400F1D1D8 /* Resources */ = {
			isa = PBXResourcesBuildPhase;
			buildActionMask = 2147483647;
			files = (
				84B2956425B55C8900F1D1D8 /* LaunchScreen.storyboard in Resources */,
				84B2956125B55C8900F1D1D8 /* Assets.xcassets in Resources */,
				84B2955F25B55C8400F1D1D8 /* Main.storyboard in Resources */,
				84B2958825B5B28600F1D1D8 /* ship.jpg in Resources */,
			);
			runOnlyForDeploymentPostprocessing = 0;
		};
		84B2956825B55C8900F1D1D8 /* Resources */ = {
			isa = PBXResourcesBuildPhase;
			buildActionMask = 2147483647;
			files = (
			);
			runOnlyForDeploymentPostprocessing = 0;
		};
		84B2957325B55C8900F1D1D8 /* Resources */ = {
			isa = PBXResourcesBuildPhase;
			buildActionMask = 2147483647;
			files = (
			);
			runOnlyForDeploymentPostprocessing = 0;
		};
/* End PBXResourcesBuildPhase section */

/* Begin PBXSourcesBuildPhase section */
		84B2955025B55C8400F1D1D8 /* Sources */ = {
			isa = PBXSourcesBuildPhase;
			buildActionMask = 2147483647;
			files = (
				84B2955C25B55C8400F1D1D8 /* ViewController.swift in Sources */,
				84B2955825B55C8400F1D1D8 /* AppDelegate.swift in Sources */,
				84B2955A25B55C8400F1D1D8 /* SceneDelegate.swift in Sources */,
			);
			runOnlyForDeploymentPostprocessing = 0;
		};
		84B2956625B55C8900F1D1D8 /* Sources */ = {
			isa = PBXSourcesBuildPhase;
			buildActionMask = 2147483647;
			files = (
				84B2956F25B55C8900F1D1D8 /* MyImageFilterTests.swift in Sources */,
			);
			runOnlyForDeploymentPostprocessing = 0;
		};
		84B2957125B55C8900F1D1D8 /* Sources */ = {
			isa = PBXSourcesBuildPhase;
			buildActionMask = 2147483647;
			files = (
				84B2957A25B55C8900F1D1D8 /* MyImageFilterUITests.swift in Sources */,
			);
			runOnlyForDeploymentPostprocessing = 0;
		};
/* End PBXSourcesBuildPhase section */

/* Begin PBXTargetDependency section */
		84B2956C25B55C8900F1D1D8 /* PBXTargetDependency */ = {
			isa = PBXTargetDependency;
			target = 84B2955325B55C8400F1D1D8 /* MyImageFilter */;
			targetProxy = 84B2956B25B55C8900F1D1D8 /* PBXContainerItemProxy */;
		};
		84B2957725B55C8900F1D1D8 /* PBXTargetDependency */ = {
			isa = PBXTargetDependency;
			target = 84B2955325B55C8400F1D1D8 /* MyImageFilter */;
			targetProxy = 84B2957625B55C8900F1D1D8 /* PBXContainerItemProxy */;
		};
/* End PBXTargetDependency section */

/* Begin PBXVariantGroup section */
		84B2955D25B55C8400F1D1D8 /* Main.storyboard */ = {
			isa = PBXVariantGroup;
			children = (
				84B2955E25B55C8400F1D1D8 /* Base */,
			);
			name = Main.storyboard;
			sourceTree = "<group>";
		};
		84B2956225B55C8900F1D1D8 /* LaunchScreen.storyboard */ = {
			isa = PBXVariantGroup;
			children = (
				84B2956325B55C8900F1D1D8 /* Base */,
			);
			name = LaunchScreen.storyboard;
			sourceTree = "<group>";
		};
/* End PBXVariantGroup section */

/* Begin XCBuildConfiguration section */
		84B2957C25B55C8900F1D1D8 /* Debug */ = {
			isa = XCBuildConfiguration;
			buildSettings = {
				ALWAYS_SEARCH_USER_PATHS = NO;
				CLANG_ANALYZER_NONNULL = YES;
				CLANG_ANALYZER_NUMBER_OBJECT_CONVERSION = YES_AGGRESSIVE;
				CLANG_CXX_LANGUAGE_STANDARD = "gnu++14";
				CLANG_CXX_LIBRARY = "libc++";
				CLANG_ENABLE_MODULES = YES;
				CLANG_ENABLE_OBJC_ARC = YES;
				CLANG_ENABLE_OBJC_WEAK = YES;
				CLANG_WARN_BLOCK_CAPTURE_AUTORELEASING = YES;
				CLANG_WARN_BOOL_CONVERSION = YES;
				CLANG_WARN_COMMA = YES;
				CLANG_WARN_CONSTANT_CONVERSION = YES;
				CLANG_WARN_DEPRECATED_OBJC_IMPLEMENTATIONS = YES;
				CLANG_WARN_DIRECT_OBJC_ISA_USAGE = YES_ERROR;
				CLANG_WARN_DOCUMENTATION_COMMENTS = YES;
				CLANG_WARN_EMPTY_BODY = YES;
				CLANG_WARN_ENUM_CONVERSION = YES;
				CLANG_WARN_INFINITE_RECURSION = YES;
				CLANG_WARN_INT_CONVERSION = YES;
				CLANG_WARN_NON_LITERAL_NULL_CONVERSION = YES;
				CLANG_WARN_OBJC_IMPLICIT_RETAIN_SELF = YES;
				CLANG_WARN_OBJC_LITERAL_CONVERSION = YES;
				CLANG_WARN_OBJC_ROOT_CLASS = YES_ERROR;
				CLANG_WARN_RANGE_LOOP_ANALYSIS = YES;
				CLANG_WARN_STRICT_PROTOTYPES = YES;
				CLANG_WARN_SUSPICIOUS_MOVE = YES;
				CLANG_WARN_UNGUARDED_AVAILABILITY = YES_AGGRESSIVE;
				CLANG_WARN_UNREACHABLE_CODE = YES;
				CLANG_WARN__DUPLICATE_METHOD_MATCH = YES;
				COPY_PHASE_STRIP = NO;
				DEBUG_INFORMATION_FORMAT = dwarf;
				ENABLE_STRICT_OBJC_MSGSEND = YES;
				ENABLE_TESTABILITY = YES;
				GCC_C_LANGUAGE_STANDARD = gnu11;
				GCC_DYNAMIC_NO_PIC = NO;
				GCC_NO_COMMON_BLOCKS = YES;
				GCC_OPTIMIZATION_LEVEL = 0;
				GCC_PREPROCESSOR_DEFINITIONS = (
					"DEBUG=1",
					"$(inherited)",
				);
				GCC_WARN_64_TO_32_BIT_CONVERSION = YES;
				GCC_WARN_ABOUT_RETURN_TYPE = YES_ERROR;
				GCC_WARN_UNDECLARED_SELECTOR = YES;
				GCC_WARN_UNINITIALIZED_AUTOS = YES_AGGRESSIVE;
				GCC_WARN_UNUSED_FUNCTION = YES;
				GCC_WARN_UNUSED_VARIABLE = YES;
				IPHONEOS_DEPLOYMENT_TARGET = 13.2;
				MTL_ENABLE_DEBUG_INFO = INCLUDE_SOURCE;
				MTL_FAST_MATH = YES;
				ONLY_ACTIVE_ARCH = YES;
				SDKROOT = iphoneos;
				SWIFT_ACTIVE_COMPILATION_CONDITIONS = DEBUG;
				SWIFT_OPTIMIZATION_LEVEL = "-Onone";
			};
			name = Debug;
		};
		84B2957D25B55C8900F1D1D8 /* Release */ = {
			isa = XCBuildConfiguration;
			buildSettings = {
				ALWAYS_SEARCH_USER_PATHS = NO;
				CLANG_ANALYZER_NONNULL = YES;
				CLANG_ANALYZER_NUMBER_OBJECT_CONVERSION = YES_AGGRESSIVE;
				CLANG_CXX_LANGUAGE_STANDARD = "gnu++14";
				CLANG_CXX_LIBRARY = "libc++";
				CLANG_ENABLE_MODULES = YES;
				CLANG_ENABLE_OBJC_ARC = YES;
				CLANG_ENABLE_OBJC_WEAK = YES;
				CLANG_WARN_BLOCK_CAPTURE_AUTORELEASING = YES;
				CLANG_WARN_BOOL_CONVERSION = YES;
				CLANG_WARN_COMMA = YES;
				CLANG_WARN_CONSTANT_CONVERSION = YES;
				CLANG_WARN_DEPRECATED_OBJC_IMPLEMENTATIONS = YES;
				CLANG_WARN_DIRECT_OBJC_ISA_USAGE = YES_ERROR;
				CLANG_WARN_DOCUMENTATION_COMMENTS = YES;
				CLANG_WARN_EMPTY_BODY = YES;
				CLANG_WARN_ENUM_CONVERSION = YES;
				CLANG_WARN_INFINITE_RECURSION = YES;
				CLANG_WARN_INT_CONVERSION = YES;
				CLANG_WARN_NON_LITERAL_NULL_CONVERSION = YES;
				CLANG_WARN_OBJC_IMPLICIT_RETAIN_SELF = YES;
				CLANG_WARN_OBJC_LITERAL_CONVERSION = YES;
				CLANG_WARN_OBJC_ROOT_CLASS = YES_ERROR;
				CLANG_WARN_RANGE_LOOP_ANALYSIS = YES;
				CLANG_WARN_STRICT_PROTOTYPES = YES;
				CLANG_WARN_SUSPICIOUS_MOVE = YES;
				CLANG_WARN_UNGUARDED_AVAILABILITY = YES_AGGRESSIVE;
				CLANG_WARN_UNREACHABLE_CODE = YES;
				CLANG_WARN__DUPLICATE_METHOD_MATCH = YES;
				COPY_PHASE_STRIP = NO;
				DEBUG_INFORMATION_FORMAT = "dwarf-with-dsym";
				ENABLE_NS_ASSERTIONS = NO;
				ENABLE_STRICT_OBJC_MSGSEND = YES;
				GCC_C_LANGUAGE_STANDARD = gnu11;
				GCC_NO_COMMON_BLOCKS = YES;
				GCC_WARN_64_TO_32_BIT_CONVERSION = YES;
				GCC_WARN_ABOUT_RETURN_TYPE = YES_ERROR;
				GCC_WARN_UNDECLARED_SELECTOR = YES;
				GCC_WARN_UNINITIALIZED_AUTOS = YES_AGGRESSIVE;
				GCC_WARN_UNUSED_FUNCTION = YES;
				GCC_WARN_UNUSED_VARIABLE = YES;
				IPHONEOS_DEPLOYMENT_TARGET = 13.2;
				MTL_ENABLE_DEBUG_INFO = NO;
				MTL_FAST_MATH = YES;
				SDKROOT = iphoneos;
				SWIFT_COMPILATION_MODE = wholemodule;
				SWIFT_OPTIMIZATION_LEVEL = "-O";
				VALIDATE_PRODUCT = YES;
			};
			name = Release;
		};
		84B2957F25B55C8900F1D1D8 /* Debug */ = {
			isa = XCBuildConfiguration;
			buildSettings = {
				ASSETCATALOG_COMPILER_APPICON_NAME = AppIcon;
				CODE_SIGN_STYLE = Automatic;
				DEVELOPMENT_TEAM = LJU967HU58;
				INFOPLIST_FILE = MyImageFilter/Info.plist;
				LD_RUNPATH_SEARCH_PATHS = (
					"$(inherited)",
					"@executable_path/Frameworks",
				);
				PRODUCT_BUNDLE_IDENTIFIER = com.MacApp.MyImageFilter;
				PRODUCT_NAME = "$(TARGET_NAME)";
				SWIFT_VERSION = 5.0;
				TARGETED_DEVICE_FAMILY = "1,2";
			};
			name = Debug;
		};
		84B2958025B55C8900F1D1D8 /* Release */ = {
			isa = XCBuildConfiguration;
			buildSettings = {
				ASSETCATALOG_COMPILER_APPICON_NAME = AppIcon;
				CODE_SIGN_STYLE = Automatic;
				DEVELOPMENT_TEAM = LJU967HU58;
				INFOPLIST_FILE = MyImageFilter/Info.plist;
				LD_RUNPATH_SEARCH_PATHS = (
					"$(inherited)",
					"@executable_path/Frameworks",
				);
				PRODUCT_BUNDLE_IDENTIFIER = com.MacApp.MyImageFilter;
				PRODUCT_NAME = "$(TARGET_NAME)";
				SWIFT_VERSION = 5.0;
				TARGETED_DEVICE_FAMILY = "1,2";
			};
			name = Release;
		};
		84B2958225B55C8900F1D1D8 /* Debug */ = {
			isa = XCBuildConfiguration;
			buildSettings = {
				ALWAYS_EMBED_SWIFT_STANDARD_LIBRARIES = YES;
				BUNDLE_LOADER = "$(TEST_HOST)";
				CODE_SIGN_STYLE = Automatic;
				DEVELOPMENT_TEAM = LJU967HU58;
				INFOPLIST_FILE = MyImageFilterTests/Info.plist;
				IPHONEOS_DEPLOYMENT_TARGET = 13.2;
				LD_RUNPATH_SEARCH_PATHS = (
					"$(inherited)",
					"@executable_path/Frameworks",
					"@loader_path/Frameworks",
				);
				PRODUCT_BUNDLE_IDENTIFIER = com.MacApp.MyImageFilterTests;
				PRODUCT_NAME = "$(TARGET_NAME)";
				SWIFT_VERSION = 5.0;
				TARGETED_DEVICE_FAMILY = "1,2";
				TEST_HOST = "$(BUILT_PRODUCTS_DIR)/MyImageFilter.app/MyImageFilter";
			};
			name = Debug;
		};
		84B2958325B55C8900F1D1D8 /* Release */ = {
			isa = XCBuildConfiguration;
			buildSettings = {
				ALWAYS_EMBED_SWIFT_STANDARD_LIBRARIES = YES;
				BUNDLE_LOADER = "$(TEST_HOST)";
				CODE_SIGN_STYLE = Automatic;
				DEVELOPMENT_TEAM = LJU967HU58;
				INFOPLIST_FILE = MyImageFilterTests/Info.plist;
				IPHONEOS_DEPLOYMENT_TARGET = 13.2;
				LD_RUNPATH_SEARCH_PATHS = (
					"$(inherited)",
					"@executable_path/Frameworks",
					"@loader_path/Frameworks",
				);
				PRODUCT_BUNDLE_IDENTIFIER = com.MacApp.MyImageFilterTests;
				PRODUCT_NAME = "$(TARGET_NAME)";
				SWIFT_VERSION = 5.0;
				TARGETED_DEVICE_FAMILY = "1,2";
				TEST_HOST = "$(BUILT_PRODUCTS_DIR)/MyImageFilter.app/MyImageFilter";
			};
			name = Release;
		};
		84B2958525B55C8900F1D1D8 /* Debug */ = {
			isa = XCBuildConfiguration;
			buildSettings = {
				ALWAYS_EMBED_SWIFT_STANDARD_LIBRARIES = YES;
				CODE_SIGN_STYLE = Automatic;
				DEVELOPMENT_TEAM = LJU967HU58;
				INFOPLIST_FILE = MyImageFilterUITests/Info.plist;
				LD_RUNPATH_SEARCH_PATHS = (
					"$(inherited)",
					"@executable_path/Frameworks",
					"@loader_path/Frameworks",
				);
				PRODUCT_BUNDLE_IDENTIFIER = com.MacApp.MyImageFilterUITests;
				PRODUCT_NAME = "$(TARGET_NAME)";
				SWIFT_VERSION = 5.0;
				TARGETED_DEVICE_FAMILY = "1,2";
				TEST_TARGET_NAME = MyImageFilter;
			};
			name = Debug;
		};
		84B2958625B55C8900F1D1D8 /* Release */ = {
			isa = XCBuildConfiguration;
			buildSettings = {
				ALWAYS_EMBED_SWIFT_STANDARD_LIBRARIES = YES;
				CODE_SIGN_STYLE = Automatic;
				DEVELOPMENT_TEAM = LJU967HU58;
				INFOPLIST_FILE = MyImageFilterUITests/Info.plist;
				LD_RUNPATH_SEARCH_PATHS = (
					"$(inherited)",
					"@executable_path/Frameworks",
					"@loader_path/Frameworks",
				);
				PRODUCT_BUNDLE_IDENTIFIER = com.MacApp.MyImageFilterUITests;
				PRODUCT_NAME = "$(TARGET_NAME)";
				SWIFT_VERSION = 5.0;
				TARGETED_DEVICE_FAMILY = "1,2";
				TEST_TARGET_NAME = MyImageFilter;
			};
			name = Release;
		};
/* End XCBuildConfiguration section */

/* Begin XCConfigurationList section */
		84B2954F25B55C8400F1D1D8 /* Build configuration list for PBXProject "MyImageFilter" */ = {
			isa = XCConfigurationList;
			buildConfigurations = (
				84B2957C25B55C8900F1D1D8 /* Debug */,
				84B2957D25B55C8900F1D1D8 /* Release */,
			);
			defaultConfigurationIsVisible = 0;
			defaultConfigurationName = Release;
		};
		84B2957E25B55C8900F1D1D8 /* Build configuration list for PBXNativeTarget "MyImageFilter" */ = {
			isa = XCConfigurationList;
			buildConfigurations = (
				84B2957F25B55C8900F1D1D8 /* Debug */,
				84B2958025B55C8900F1D1D8 /* Release */,
			);
			defaultConfigurationIsVisible = 0;
			defaultConfigurationName = Release;
		};
		84B2958125B55C8900F1D1D8 /* Build configuration list for PBXNativeTarget "MyImageFilterTests" */ = {
			isa = XCConfigurationList;
			buildConfigurations = (
				84B2958225B55C8900F1D1D8 /* Debug */,
				84B2958325B55C8900F1D1D8 /* Release */,
			);
			defaultConfigurationIsVisible = 0;
			defaultConfigurationName = Release;
		};
		84B2958425B55C8900F1D1D8 /* Build configuration list for PBXNativeTarget "MyImageFilterUITests" */ = {
			isa = XCConfigurationList;
			buildConfigurations = (
				84B2958525B55C8900F1D1D8 /* Debug */,
				84B2958625B55C8900F1D1D8 /* Release */,
			);
			defaultConfigurationIsVisible = 0;
			defaultConfigurationName = Release;
		};
/* End XCConfigurationList section */
	};
	rootObject = 84B2954C25B55C8400F1D1D8 /* Project object */;
}
